
Microsoft Visual Studio Solution File, Format Version 12.00
# Visual Studio 2012
Project("{FAE04EC0-301F-11D3-BF4B-00C04F79EFBC}") = "Task1.Entities", "Task1\Task1.Entities.csproj", "{8A92F719-457E-4BFE-B061-2D091C961B63}"
EndProject
Project("{FAE04EC0-301F-11D3-BF4B-00C04F79EFBC}") = "Task1.Console", "Task1.Console\Task1.Console.csproj", "{18155812-B5E8-4018-BE2D-D70FC101871B}"
EndProject
Project("{FAE04EC0-301F-11D3-BF4B-00C04F79EFBC}") = "Task2.Lib", "Task2.Lib\Task2.Lib.csproj", "{345A0311-A94F-4BEF-888C-87100068D15A}"
EndProject
Project("{FAE04EC0-301F-11D3-BF4B-00C04F79EFBC}") = "Task2.Tests", "Task2.Tests\Task2.Tests.csproj", "{4F684E6A-3E06-4727-B6E9-158527D9C93E}"
EndProject
Project("{FAE04EC0-301F-11D3-BF4B-00C04F79EFBC}") = "Task3.Lib", "Task3.Lib\Task3.Lib.csproj", "{EA407AD9-263A-4613-AE8B-01E0A80384F8}"
EndProject
Project("{FAE04EC0-301F-11D3-BF4B-00C04F79EFBC}") = "Task3.Tests", "Task3.Tests\Task3.Tests.csproj", "{14BA600C-D64A-4DF0-A5EE-08848EE017FB}"
EndProject
Project("{FAE04EC0-301F-11D3-BF4B-00C04F79EFBC}") = "Task4.Lib", "Task4.Lib\Task4.Lib.csproj", "{12A524E1-5DFE-4CAD-827C-04D3CC7E8505}"
EndProject
Project("{FAE04EC0-301F-11D3-BF4B-00C04F79EFBC}") = "Task4.Tests", "Task4.Tests\Task4.Tests.csproj", "{90F13827-CE24-4C67-A8A5-DE0AC6FECD37}"
EndProject
Global
	GlobalSection(SolutionConfigurationPlatforms) = preSolution
		Debug|Any CPU = Debug|Any CPU
		Release|Any CPU = Release|Any CPU
	EndGlobalSection
	GlobalSection(ProjectConfigurationPlatforms) = postSolution
		{12A524E1-5DFE-4CAD-827C-04D3CC7E8505}.Debug|Any CPU.ActiveCfg = Debug|Any CPU
		{12A524E1-5DFE-4CAD-827C-04D3CC7E8505}.Debug|Any CPU.Build.0 = Debug|Any CPU
		{12A524E1-5DFE-4CAD-827C-04D3CC7E8505}.Release|Any CPU.ActiveCfg = Release|Any CPU
		{12A524E1-5DFE-4CAD-827C-04D3CC7E8505}.Release|Any CPU.Build.0 = Release|Any CPU
		{14BA600C-D64A-4DF0-A5EE-08848EE017FB}.Debug|Any CPU.ActiveCfg = Debug|Any CPU
		{14BA600C-D64A-4DF0-A5EE-08848EE017FB}.Debug|Any CPU.Build.0 = Debug|Any CPU
		{14BA600C-D64A-4DF0-A5EE-08848EE017FB}.Release|Any CPU.ActiveCfg = Release|Any CPU
		{14BA600C-D64A-4DF0-A5EE-08848EE017FB}.Release|Any CPU.Build.0 = Release|Any CPU
		{18155812-B5E8-4018-BE2D-D70FC101871B}.Debug|Any CPU.ActiveCfg = Debug|Any CPU
		{18155812-B5E8-4018-BE2D-D70FC101871B}.Debug|Any CPU.Build.0 = Debug|Any CPU
		{18155812-B5E8-4018-BE2D-D70FC101871B}.Release|Any CPU.ActiveCfg = Release|Any CPU
		{18155812-B5E8-4018-BE2D-D70FC101871B}.Release|Any CPU.Build.0 = Release|Any CPU
		{345A0311-A94F-4BEF-888C-87100068D15A}.Debug|Any CPU.ActiveCfg = Debug|Any CPU
		{345A0311-A94F-4BEF-888C-87100068D15A}.Debug|Any CPU.Build.0 = Debug|Any CPU
		{345A0311-A94F-4BEF-888C-87100068D15A}.Release|Any CPU.ActiveCfg = Release|Any CPU
		{345A0311-A94F-4BEF-888C-87100068D15A}.Release|Any CPU.Build.0 = Release|Any CPU
		{4F684E6A-3E06-4727-B6E9-158527D9C93E}.Debug|Any CPU.ActiveCfg = Debug|Any CPU
		{4F684E6A-3E06-4727-B6E9-158527D9C93E}.Debug|Any CPU.Build.0 = Debug|Any CPU
		{4F684E6A-3E06-4727-B6E9-158527D9C93E}.Release|Any CPU.ActiveCfg = Release|Any CPU
		{4F684E6A-3E06-4727-B6E9-158527D9C93E}.Release|Any CPU.Build.0 = Release|Any CPU
		{8A92F719-457E-4BFE-B061-2D091C961B63}.Debug|Any CPU.ActiveCfg = Debug|Any CPU
		{8A92F719-457E-4BFE-B061-2D091C961B63}.Debug|Any CPU.Build.0 = Debug|Any CPU
		{8A92F719-457E-4BFE-B061-2D091C961B63}.Release|Any CPU.ActiveCfg = Release|Any CPU
		{8A92F719-457E-4BFE-B061-2D091C961B63}.Release|Any CPU.Build.0 = Release|Any CPU
		{90F13827-CE24-4C67-A8A5-DE0AC6FECD37}.Debug|Any CPU.ActiveCfg = Debug|Any CPU
		{90F13827-CE24-4C67-A8A5-DE0AC6FECD37}.Debug|Any CPU.Build.0 = Debug|Any CPU
		{90F13827-CE24-4C67-A8A5-DE0AC6FECD37}.Release|Any CPU.ActiveCfg = Release|Any CPU
		{90F13827-CE24-4C67-A8A5-DE0AC6FECD37}.Release|Any CPU.Build.0 = Release|Any CPU
		{EA407AD9-263A-4613-AE8B-01E0A80384F8}.Debug|Any CPU.ActiveCfg = Debug|Any CPU
		{EA407AD9-263A-4613-AE8B-01E0A80384F8}.Debug|Any CPU.Build.0 = Debug|Any CPU
		{EA407AD9-263A-4613-AE8B-01E0A80384F8}.Release|Any CPU.ActiveCfg = Release|Any CPU
		{EA407AD9-263A-4613-AE8B-01E0A80384F8}.Release|Any CPU.Build.0 = Release|Any CPU
	EndGlobalSection
EndGlobal
